
Microsoft Visual Studio Solution File, Format Version 12.00
# Visual Studio Version 16
VisualStudioVersion = 16.0.30517.126
MinimumVisualStudioVersion = 10.0.40219.1
Project("{FAE04EC0-301F-11D3-BF4B-00C04F79EFBC}") = "G1_Website_Tour", "G1_Website_Tour\G1_Website_Tour.csproj", "{C9962F20-2915-4D27-8A36-9CB060C3340F}"
EndProject
Global
	GlobalSection(SolutionConfigurationPlatforms) = preSolution
		Debug|Any CPU = Debug|Any CPU
		Release|Any CPU = Release|Any CPU
	EndGlobalSection
	GlobalSection(ProjectConfigurationPlatforms) = postSolution
		{C9962F20-2915-4D27-8A36-9CB060C3340F}.Debug|Any CPU.ActiveCfg = Debug|Any CPU
		{C9962F20-2915-4D27-8A36-9CB060C3340F}.Debug|Any CPU.Build.0 = Debug|Any CPU
		{C9962F20-2915-4D27-8A36-9CB060C3340F}.Release|Any CPU.ActiveCfg = Release|Any CPU
		{C9962F20-2915-4D27-8A36-9CB060C3340F}.Release|Any CPU.Build.0 = Release|Any CPU
	EndGlobalSection
	GlobalSection(SolutionProperties) = preSolution
		HideSolutionNode = FALSE
	EndGlobalSection
	GlobalSection(ExtensibilityGlobals) = postSolution
		SolutionGuid = {091D40DC-C7F9-4E96-B1FC-54D57D0FE58B}
	EndGlobalSection
EndGlobal
